
Microsoft Visual Studio Solution File, Format Version 12.00
# Visual Studio Version 16
VisualStudioVersion = 16.0.31702.278
MinimumVisualStudioVersion = 10.0.40219.1
Project("{FAE04EC0-301F-11D3-BF4B-00C04F79EFBC}") = "percentCalc", "percentCalc\percentCalc.csproj", "{563ED984-655A-4968-86F9-C22A81A1A39C}"
EndProject
Project("{FAE04EC0-301F-11D3-BF4B-00C04F79EFBC}") = "ConnectionLibrary", "ConnectionLibrary\ConnectionLibrary.csproj", "{457150B7-C899-4D73-80C3-EF3A20B74BE6}"
EndProject
Global
	GlobalSection(SolutionConfigurationPlatforms) = preSolution
		Debug|Any CPU = Debug|Any CPU
		Release|Any CPU = Release|Any CPU
	EndGlobalSection
	GlobalSection(ProjectConfigurationPlatforms) = postSolution
		{563ED984-655A-4968-86F9-C22A81A1A39C}.Debug|Any CPU.ActiveCfg = Debug|Any CPU
		{563ED984-655A-4968-86F9-C22A81A1A39C}.Debug|Any CPU.Build.0 = Debug|Any CPU
		{563ED984-655A-4968-86F9-C22A81A1A39C}.Release|Any CPU.ActiveCfg = Release|Any CPU
		{563ED984-655A-4968-86F9-C22A81A1A39C}.Release|Any CPU.Build.0 = Release|Any CPU
		{457150B7-C899-4D73-80C3-EF3A20B74BE6}.Debug|Any CPU.ActiveCfg = Debug|Any CPU
		{457150B7-C899-4D73-80C3-EF3A20B74BE6}.Debug|Any CPU.Build.0 = Debug|Any CPU
		{457150B7-C899-4D73-80C3-EF3A20B74BE6}.Release|Any CPU.ActiveCfg = Release|Any CPU
		{457150B7-C899-4D73-80C3-EF3A20B74BE6}.Release|Any CPU.Build.0 = Release|Any CPU
	EndGlobalSection
	GlobalSection(SolutionProperties) = preSolution
		HideSolutionNode = FALSE
	EndGlobalSection
	GlobalSection(ExtensibilityGlobals) = postSolution
		SolutionGuid = {54FDA580-3125-46D1-8B05-A67C9D819F0B}
	EndGlobalSection
EndGlobal
